
Microsoft Visual Studio Solution File, Format Version 12.00
# Visual Studio 15
VisualStudioVersion = 15.0.27703.2042
MinimumVisualStudioVersion = 10.0.40219.1
Project("{888888A0-9F3D-457C-B088-3A5042F75D52}") = "Test", "Test\Test.pyproj", "{89A1917D-D587-4228-A17B-4B1031985DF2}"
EndProject
Project("{888888A0-9F3D-457C-B088-3A5042F75D52}") = "CrawlerGuba", "CrawlerGuba\CrawlerGuba.pyproj", "{00F223F3-804E-4AFA-85BA-45B4F227CE47}"
EndProject
Project("{888888A0-9F3D-457C-B088-3A5042F75D52}") = "CrawlerJiayuan", "CrawlerJiayuan\CrawlerJiayuan.pyproj", "{161F430A-46CE-41A3-A2BF-1530B1699E39}"
EndProject
Global
	GlobalSection(SolutionConfigurationPlatforms) = preSolution
		Debug|Any CPU = Debug|Any CPU
		Release|Any CPU = Release|Any CPU
	EndGlobalSection
	GlobalSection(ProjectConfigurationPlatforms) = postSolution
		{89A1917D-D587-4228-A17B-4B1031985DF2}.Debug|Any CPU.ActiveCfg = Debug|Any CPU
		{89A1917D-D587-4228-A17B-4B1031985DF2}.Release|Any CPU.ActiveCfg = Release|Any CPU
		{00F223F3-804E-4AFA-85BA-45B4F227CE47}.Debug|Any CPU.ActiveCfg = Debug|Any CPU
		{00F223F3-804E-4AFA-85BA-45B4F227CE47}.Release|Any CPU.ActiveCfg = Release|Any CPU
		{161F430A-46CE-41A3-A2BF-1530B1699E39}.Debug|Any CPU.ActiveCfg = Debug|Any CPU
		{161F430A-46CE-41A3-A2BF-1530B1699E39}.Release|Any CPU.ActiveCfg = Release|Any CPU
	EndGlobalSection
	GlobalSection(SolutionProperties) = preSolution
		HideSolutionNode = FALSE
	EndGlobalSection
	GlobalSection(ExtensibilityGlobals) = postSolution
		SolutionGuid = {22B61738-E8C3-4685-9BEB-A545A0E5C525}
	EndGlobalSection
EndGlobal
