
Microsoft Visual Studio Solution File, Format Version 12.00
# Visual Studio 15
VisualStudioVersion = 15.0.27703.2042
MinimumVisualStudioVersion = 10.0.40219.1
Project("{888888A0-9F3D-457C-B088-3A5042F75D52}") = "Test", "Test\Test.pyproj", "{89A1917D-D587-4228-A17B-4B1031985DF2}"
EndProject
Project("{888888A0-9F3D-457C-B088-3A5042F75D52}") = "CrawlerJiayuan", "CrawlerJiayuan\CrawlerJiayuan.pyproj", "{7432450D-61EA-42DD-8C1D-B57801174943}"
EndProject
Project("{888888A0-9F3D-457C-B088-3A5042F75D52}") = "CrawlerAirbnb", "CrawlerAirbnb\CrawlerAirbnb.pyproj", "{867CE5ED-6F3E-4C15-A95C-AD8B1F6EB31C}"
EndProject
Project("{888888A0-9F3D-457C-B088-3A5042F75D52}") = "CrawlerSnowball", "CrawlerSnowball\CrawlerSnowball.pyproj", "{B7730ACC-0AF2-4645-80B2-7E453EA48894}"
EndProject
Global
	GlobalSection(SolutionConfigurationPlatforms) = preSolution
		Debug|Any CPU = Debug|Any CPU
		Release|Any CPU = Release|Any CPU
	EndGlobalSection
	GlobalSection(ProjectConfigurationPlatforms) = postSolution
		{89A1917D-D587-4228-A17B-4B1031985DF2}.Debug|Any CPU.ActiveCfg = Debug|Any CPU
		{89A1917D-D587-4228-A17B-4B1031985DF2}.Release|Any CPU.ActiveCfg = Release|Any CPU
		{7432450D-61EA-42DD-8C1D-B57801174943}.Debug|Any CPU.ActiveCfg = Debug|Any CPU
		{7432450D-61EA-42DD-8C1D-B57801174943}.Release|Any CPU.ActiveCfg = Release|Any CPU
		{867CE5ED-6F3E-4C15-A95C-AD8B1F6EB31C}.Debug|Any CPU.ActiveCfg = Debug|Any CPU
		{867CE5ED-6F3E-4C15-A95C-AD8B1F6EB31C}.Release|Any CPU.ActiveCfg = Release|Any CPU
		{B7730ACC-0AF2-4645-80B2-7E453EA48894}.Debug|Any CPU.ActiveCfg = Debug|Any CPU
		{B7730ACC-0AF2-4645-80B2-7E453EA48894}.Release|Any CPU.ActiveCfg = Release|Any CPU
	EndGlobalSection
	GlobalSection(SolutionProperties) = preSolution
		HideSolutionNode = FALSE
	EndGlobalSection
	GlobalSection(ExtensibilityGlobals) = postSolution
		SolutionGuid = {22B61738-E8C3-4685-9BEB-A545A0E5C525}
	EndGlobalSection
EndGlobal
